
Microsoft Visual Studio Solution File, Format Version 12.00
# Visual Studio Version 16
VisualStudioVersion = 16.0.30503.244
MinimumVisualStudioVersion = 10.0.40219.1
Project("{FAE04EC0-301F-11D3-BF4B-00C04F79EFBC}") = "ProductReviewManagement", "ProductReviewManagement\ProductReviewManagement.csproj", "{9CCF198F-A5DC-492F-8C64-BF185A644E46}"
EndProject
Global
	GlobalSection(SolutionConfigurationPlatforms) = preSolution
		Debug|Any CPU = Debug|Any CPU
		Release|Any CPU = Release|Any CPU
	EndGlobalSection
	GlobalSection(ProjectConfigurationPlatforms) = postSolution
		{9CCF198F-A5DC-492F-8C64-BF185A644E46}.Debug|Any CPU.ActiveCfg = Debug|Any CPU
		{9CCF198F-A5DC-492F-8C64-BF185A644E46}.Debug|Any CPU.Build.0 = Debug|Any CPU
		{9CCF198F-A5DC-492F-8C64-BF185A644E46}.Release|Any CPU.ActiveCfg = Release|Any CPU
		{9CCF198F-A5DC-492F-8C64-BF185A644E46}.Release|Any CPU.Build.0 = Release|Any CPU
	EndGlobalSection
	GlobalSection(SolutionProperties) = preSolution
		HideSolutionNode = FALSE
	EndGlobalSection
	GlobalSection(ExtensibilityGlobals) = postSolution
		SolutionGuid = {49B6EDF0-938E-4824-9CDE-F69642FF7684}
	EndGlobalSection
EndGlobal
